
Microsoft Visual Studio Solution File, Format Version 12.00
# Visual Studio Version 16
VisualStudioVersion = 16.0.29728.190
MinimumVisualStudioVersion = 10.0.40219.1
Project("{FAE04EC0-301F-11D3-BF4B-00C04F79EFBC}") = "FleetManagement.IdentityServer", "FleetManagement.IdentityServer\FleetManagement.IdentityServer.csproj", "{8BF53661-EF27-4E77-A71D-DABFD412FF5B}"
EndProject
Project("{9A19103F-16F7-4668-BE54-9A1E7A4F7556}") = "TheFleet.Services", "FleetManagement.Services\TheFleet.Services.csproj", "{F64F5E68-893B-4FCF-8989-1573F7A6B68F}"
EndProject
Project("{9A19103F-16F7-4668-BE54-9A1E7A4F7556}") = "TheFleet.Tests", "FleetManagement.Tests\TheFleet.Tests.csproj", "{1D5924A5-596B-4925-80E0-B013A31ADCEF}"
EndProject
Global
	GlobalSection(SolutionConfigurationPlatforms) = preSolution
		Debug|Any CPU = Debug|Any CPU
		Release|Any CPU = Release|Any CPU
	EndGlobalSection
	GlobalSection(ProjectConfigurationPlatforms) = postSolution
		{8BF53661-EF27-4E77-A71D-DABFD412FF5B}.Debug|Any CPU.ActiveCfg = Debug|Any CPU
		{8BF53661-EF27-4E77-A71D-DABFD412FF5B}.Debug|Any CPU.Build.0 = Debug|Any CPU
		{8BF53661-EF27-4E77-A71D-DABFD412FF5B}.Release|Any CPU.ActiveCfg = Release|Any CPU
		{8BF53661-EF27-4E77-A71D-DABFD412FF5B}.Release|Any CPU.Build.0 = Release|Any CPU
		{F64F5E68-893B-4FCF-8989-1573F7A6B68F}.Debug|Any CPU.ActiveCfg = Debug|Any CPU
		{F64F5E68-893B-4FCF-8989-1573F7A6B68F}.Debug|Any CPU.Build.0 = Debug|Any CPU
		{F64F5E68-893B-4FCF-8989-1573F7A6B68F}.Release|Any CPU.ActiveCfg = Release|Any CPU
		{F64F5E68-893B-4FCF-8989-1573F7A6B68F}.Release|Any CPU.Build.0 = Release|Any CPU
		{1D5924A5-596B-4925-80E0-B013A31ADCEF}.Debug|Any CPU.ActiveCfg = Debug|Any CPU
		{1D5924A5-596B-4925-80E0-B013A31ADCEF}.Debug|Any CPU.Build.0 = Debug|Any CPU
		{1D5924A5-596B-4925-80E0-B013A31ADCEF}.Release|Any CPU.ActiveCfg = Release|Any CPU
		{1D5924A5-596B-4925-80E0-B013A31ADCEF}.Release|Any CPU.Build.0 = Release|Any CPU
	EndGlobalSection
	GlobalSection(SolutionProperties) = preSolution
		HideSolutionNode = FALSE
	EndGlobalSection
	GlobalSection(ExtensibilityGlobals) = postSolution
		SolutionGuid = {5CE673BD-31B5-4CD3-A2BC-857053BDF93D}
	EndGlobalSection
EndGlobal
