
Microsoft Visual Studio Solution File, Format Version 12.00
# Visual Studio Version 16
VisualStudioVersion = 16.0.29728.190
MinimumVisualStudioVersion = 10.0.40219.1
Project("{9A19103F-16F7-4668-BE54-9A1E7A4F7556}") = "TheFleet.Services", "TheFleet.Services.csproj", "{A48FE822-0EE7-4049-B47F-C945989E9274}"
EndProject
Project("{E53339B2-1760-4266-BCC7-CA923CBCF16C}") = "docker-compose", "docker-compose.dcproj", "{D9A1DB62-FD35-4783-A684-DCBB34D6C2F1}"
EndProject
Project("{FAE04EC0-301F-11D3-BF4B-00C04F79EFBC}") = "TheFleet.Tests", "..\TheFleet.Tests\TheFleet.Tests.csproj", "{ADC610E5-79E9-4E28-A3E4-084AAEF9F4B0}"
EndProject
Global
	GlobalSection(SolutionConfigurationPlatforms) = preSolution
		Debug|Any CPU = Debug|Any CPU
		Release|Any CPU = Release|Any CPU
	EndGlobalSection
	GlobalSection(ProjectConfigurationPlatforms) = postSolution
		{A48FE822-0EE7-4049-B47F-C945989E9274}.Debug|Any CPU.ActiveCfg = Debug|Any CPU
		{A48FE822-0EE7-4049-B47F-C945989E9274}.Debug|Any CPU.Build.0 = Debug|Any CPU
		{A48FE822-0EE7-4049-B47F-C945989E9274}.Release|Any CPU.ActiveCfg = Release|Any CPU
		{A48FE822-0EE7-4049-B47F-C945989E9274}.Release|Any CPU.Build.0 = Release|Any CPU
		{D9A1DB62-FD35-4783-A684-DCBB34D6C2F1}.Debug|Any CPU.ActiveCfg = Debug|Any CPU
		{D9A1DB62-FD35-4783-A684-DCBB34D6C2F1}.Debug|Any CPU.Build.0 = Debug|Any CPU
		{D9A1DB62-FD35-4783-A684-DCBB34D6C2F1}.Release|Any CPU.ActiveCfg = Release|Any CPU
		{D9A1DB62-FD35-4783-A684-DCBB34D6C2F1}.Release|Any CPU.Build.0 = Release|Any CPU
		{ADC610E5-79E9-4E28-A3E4-084AAEF9F4B0}.Debug|Any CPU.ActiveCfg = Debug|Any CPU
		{ADC610E5-79E9-4E28-A3E4-084AAEF9F4B0}.Debug|Any CPU.Build.0 = Debug|Any CPU
		{ADC610E5-79E9-4E28-A3E4-084AAEF9F4B0}.Release|Any CPU.ActiveCfg = Release|Any CPU
		{ADC610E5-79E9-4E28-A3E4-084AAEF9F4B0}.Release|Any CPU.Build.0 = Release|Any CPU
	EndGlobalSection
	GlobalSection(SolutionProperties) = preSolution
		HideSolutionNode = FALSE
	EndGlobalSection
	GlobalSection(ExtensibilityGlobals) = postSolution
		SolutionGuid = {8FF38820-77C3-4565-8A5D-1DD670AA1B89}
	EndGlobalSection
EndGlobal
